
Microsoft Visual Studio Solution File, Format Version 12.00
# Visual Studio Version 17
VisualStudioVersion = 17.3.32825.248
MinimumVisualStudioVersion = 10.0.40219.1
Project("{FAE04EC0-301F-11D3-BF4B-00C04F79EFBC}") = "FFBNs", "FFBNs\FFBNs.csproj", "{1BA29020-C3E3-4E24-AB8D-385E4DB45770}"
EndProject
Global
	GlobalSection(SolutionConfigurationPlatforms) = preSolution
		Debug|Any CPU = Debug|Any CPU
		Release|Any CPU = Release|Any CPU
	EndGlobalSection
	GlobalSection(ProjectConfigurationPlatforms) = postSolution
		{1BA29020-C3E3-4E24-AB8D-385E4DB45770}.Debug|Any CPU.ActiveCfg = Debug|Any CPU
		{1BA29020-C3E3-4E24-AB8D-385E4DB45770}.Debug|Any CPU.Build.0 = Debug|Any CPU
		{1BA29020-C3E3-4E24-AB8D-385E4DB45770}.Release|Any CPU.ActiveCfg = Release|Any CPU
		{1BA29020-C3E3-4E24-AB8D-385E4DB45770}.Release|Any CPU.Build.0 = Release|Any CPU
	EndGlobalSection
	GlobalSection(SolutionProperties) = preSolution
		HideSolutionNode = FALSE
	EndGlobalSection
	GlobalSection(ExtensibilityGlobals) = postSolution
		SolutionGuid = {5F29977D-B369-4072-80AF-54633BF26B93}
	EndGlobalSection
EndGlobal
